
Microsoft Visual Studio Solution File, Format Version 12.00
# Visual Studio 15
VisualStudioVersion = 15.0.27703.2042
MinimumVisualStudioVersion = 10.0.40219.1
Project("{9A19103F-16F7-4668-BE54-9A1E7A4F7556}") = "AGT.WebApi", "AGT.WebApi\AGT.WebApi.csproj", "{E3772596-65C4-4544-8C10-66158F624620}"
EndProject
Project("{9A19103F-16F7-4668-BE54-9A1E7A4F7556}") = "AGT.Domain.Users", "AGT.Domain.Users\AGT.Domain.Users.csproj", "{5A1800FD-1076-4DE0-AD26-6F76124283FF}"
EndProject
Project("{9A19103F-16F7-4668-BE54-9A1E7A4F7556}") = "AGT.Domain.Calendars", "AGT.Domain.Calendars\AGT.Domain.Calendars.csproj", "{F9554E05-5E9D-4D7C-9F6C-0D4ACA94133F}"
EndProject
Project("{9A19103F-16F7-4668-BE54-9A1E7A4F7556}") = "AGT.Application.Users", "AGT.Application.Users\AGT.Application.Users.csproj", "{A7C4F36B-04B2-46D2-8A5A-6B9F45A96078}"
EndProject
Project("{9A19103F-16F7-4668-BE54-9A1E7A4F7556}") = "AGT.Application.Users.Test", "AGT.Application.Users.Test\AGT.Application.Users.Test.csproj", "{289F62E8-9E92-4A35-BBD4-251137A217D4}"
EndProject
Project("{9A19103F-16F7-4668-BE54-9A1E7A4F7556}") = "AGT.Contracts.Application.Users", "AGT.Contracts.Application.Users\AGT.Contracts.Application.Users.csproj", "{28CB4DA0-D29B-495A-BC37-1CBD7FFDBAA5}"
EndProject
Project("{9A19103F-16F7-4668-BE54-9A1E7A4F7556}") = "AGT.Repository", "AGT.Repository\AGT.Repository.csproj", "{FC7A0230-A18F-4994-A9AB-FA53F6566EFC}"
EndProject
Project("{9A19103F-16F7-4668-BE54-9A1E7A4F7556}") = "AGT.Contracts.Repository", "AGT.Contracts.Repository\AGT.Contracts.Repository.csproj", "{EE20C2A3-616A-49FC-A72C-9C473D055819}"
EndProject
Project("{FAE04EC0-301F-11D3-BF4B-00C04F79EFBC}") = "AGT.CrossCutting", "AGT.CrossCutting\AGT.CrossCutting.csproj", "{7E322DA6-5A8F-4EDA-ABC3-B7F201C687F0}"
EndProject
Project("{FAE04EC0-301F-11D3-BF4B-00C04F79EFBC}") = "AGT.Contracts.CrossCutting", "AGT.Contracts.CrossCutting\AGT.Contracts.CrossCutting.csproj", "{C1229CCA-58BE-4E3B-A63D-F9E6FC345CEF}"
EndProject
Project("{FAE04EC0-301F-11D3-BF4B-00C04F79EFBC}") = "AGT.Contracts.Application.Sessions", "AGT.Contracts.Application.Sessions\AGT.Contracts.Application.Sessions.csproj", "{960B9292-3ED6-4B73-BEF7-54A8D1C763F1}"
EndProject
Project("{FAE04EC0-301F-11D3-BF4B-00C04F79EFBC}") = "AGT.Domain.Sessions", "AGT.Domain.Sessions\AGT.Domain.Sessions.csproj", "{580DB270-134D-4874-8688-F3497818007D}"
EndProject
Project("{FAE04EC0-301F-11D3-BF4B-00C04F79EFBC}") = "AGT.Application.Sessions", "AGT.Application.Sessions\AGT.Application.Sessions.csproj", "{5D1C3EC6-AE70-475F-A693-3CB8C037320A}"
EndProject
Project("{FAE04EC0-301F-11D3-BF4B-00C04F79EFBC}") = "AGT.Application.Sessions.Test", "AGT.Application.Sessions.Test\AGT.Application.Sessions.Test.csproj", "{30800BFB-E712-4103-B8CB-9C0CE9844A82}"
EndProject
Global
	GlobalSection(SolutionConfigurationPlatforms) = preSolution
		Debug|Any CPU = Debug|Any CPU
		Release|Any CPU = Release|Any CPU
	EndGlobalSection
	GlobalSection(ProjectConfigurationPlatforms) = postSolution
		{E3772596-65C4-4544-8C10-66158F624620}.Debug|Any CPU.ActiveCfg = Debug|Any CPU
		{E3772596-65C4-4544-8C10-66158F624620}.Debug|Any CPU.Build.0 = Debug|Any CPU
		{E3772596-65C4-4544-8C10-66158F624620}.Release|Any CPU.ActiveCfg = Release|Any CPU
		{E3772596-65C4-4544-8C10-66158F624620}.Release|Any CPU.Build.0 = Release|Any CPU
		{5A1800FD-1076-4DE0-AD26-6F76124283FF}.Debug|Any CPU.ActiveCfg = Debug|Any CPU
		{5A1800FD-1076-4DE0-AD26-6F76124283FF}.Debug|Any CPU.Build.0 = Debug|Any CPU
		{5A1800FD-1076-4DE0-AD26-6F76124283FF}.Release|Any CPU.ActiveCfg = Release|Any CPU
		{5A1800FD-1076-4DE0-AD26-6F76124283FF}.Release|Any CPU.Build.0 = Release|Any CPU
		{F9554E05-5E9D-4D7C-9F6C-0D4ACA94133F}.Debug|Any CPU.ActiveCfg = Debug|Any CPU
		{F9554E05-5E9D-4D7C-9F6C-0D4ACA94133F}.Debug|Any CPU.Build.0 = Debug|Any CPU
		{F9554E05-5E9D-4D7C-9F6C-0D4ACA94133F}.Release|Any CPU.ActiveCfg = Release|Any CPU
		{F9554E05-5E9D-4D7C-9F6C-0D4ACA94133F}.Release|Any CPU.Build.0 = Release|Any CPU
		{A7C4F36B-04B2-46D2-8A5A-6B9F45A96078}.Debug|Any CPU.ActiveCfg = Debug|Any CPU
		{A7C4F36B-04B2-46D2-8A5A-6B9F45A96078}.Debug|Any CPU.Build.0 = Debug|Any CPU
		{A7C4F36B-04B2-46D2-8A5A-6B9F45A96078}.Release|Any CPU.ActiveCfg = Release|Any CPU
		{A7C4F36B-04B2-46D2-8A5A-6B9F45A96078}.Release|Any CPU.Build.0 = Release|Any CPU
		{289F62E8-9E92-4A35-BBD4-251137A217D4}.Debug|Any CPU.ActiveCfg = Debug|Any CPU
		{289F62E8-9E92-4A35-BBD4-251137A217D4}.Debug|Any CPU.Build.0 = Debug|Any CPU
		{289F62E8-9E92-4A35-BBD4-251137A217D4}.Release|Any CPU.ActiveCfg = Release|Any CPU
		{289F62E8-9E92-4A35-BBD4-251137A217D4}.Release|Any CPU.Build.0 = Release|Any CPU
		{28CB4DA0-D29B-495A-BC37-1CBD7FFDBAA5}.Debug|Any CPU.ActiveCfg = Debug|Any CPU
		{28CB4DA0-D29B-495A-BC37-1CBD7FFDBAA5}.Debug|Any CPU.Build.0 = Debug|Any CPU
		{28CB4DA0-D29B-495A-BC37-1CBD7FFDBAA5}.Release|Any CPU.ActiveCfg = Release|Any CPU
		{28CB4DA0-D29B-495A-BC37-1CBD7FFDBAA5}.Release|Any CPU.Build.0 = Release|Any CPU
		{FC7A0230-A18F-4994-A9AB-FA53F6566EFC}.Debug|Any CPU.ActiveCfg = Debug|Any CPU
		{FC7A0230-A18F-4994-A9AB-FA53F6566EFC}.Debug|Any CPU.Build.0 = Debug|Any CPU
		{FC7A0230-A18F-4994-A9AB-FA53F6566EFC}.Release|Any CPU.ActiveCfg = Release|Any CPU
		{FC7A0230-A18F-4994-A9AB-FA53F6566EFC}.Release|Any CPU.Build.0 = Release|Any CPU
		{EE20C2A3-616A-49FC-A72C-9C473D055819}.Debug|Any CPU.ActiveCfg = Debug|Any CPU
		{EE20C2A3-616A-49FC-A72C-9C473D055819}.Debug|Any CPU.Build.0 = Debug|Any CPU
		{EE20C2A3-616A-49FC-A72C-9C473D055819}.Release|Any CPU.ActiveCfg = Release|Any CPU
		{EE20C2A3-616A-49FC-A72C-9C473D055819}.Release|Any CPU.Build.0 = Release|Any CPU
		{7E322DA6-5A8F-4EDA-ABC3-B7F201C687F0}.Debug|Any CPU.ActiveCfg = Debug|Any CPU
		{7E322DA6-5A8F-4EDA-ABC3-B7F201C687F0}.Debug|Any CPU.Build.0 = Debug|Any CPU
		{7E322DA6-5A8F-4EDA-ABC3-B7F201C687F0}.Release|Any CPU.ActiveCfg = Release|Any CPU
		{7E322DA6-5A8F-4EDA-ABC3-B7F201C687F0}.Release|Any CPU.Build.0 = Release|Any CPU
		{C1229CCA-58BE-4E3B-A63D-F9E6FC345CEF}.Debug|Any CPU.ActiveCfg = Debug|Any CPU
		{C1229CCA-58BE-4E3B-A63D-F9E6FC345CEF}.Debug|Any CPU.Build.0 = Debug|Any CPU
		{C1229CCA-58BE-4E3B-A63D-F9E6FC345CEF}.Release|Any CPU.ActiveCfg = Release|Any CPU
		{C1229CCA-58BE-4E3B-A63D-F9E6FC345CEF}.Release|Any CPU.Build.0 = Release|Any CPU
		{960B9292-3ED6-4B73-BEF7-54A8D1C763F1}.Debug|Any CPU.ActiveCfg = Debug|Any CPU
		{960B9292-3ED6-4B73-BEF7-54A8D1C763F1}.Debug|Any CPU.Build.0 = Debug|Any CPU
		{960B9292-3ED6-4B73-BEF7-54A8D1C763F1}.Release|Any CPU.ActiveCfg = Release|Any CPU
		{960B9292-3ED6-4B73-BEF7-54A8D1C763F1}.Release|Any CPU.Build.0 = Release|Any CPU
		{580DB270-134D-4874-8688-F3497818007D}.Debug|Any CPU.ActiveCfg = Debug|Any CPU
		{580DB270-134D-4874-8688-F3497818007D}.Debug|Any CPU.Build.0 = Debug|Any CPU
		{580DB270-134D-4874-8688-F3497818007D}.Release|Any CPU.ActiveCfg = Release|Any CPU
		{580DB270-134D-4874-8688-F3497818007D}.Release|Any CPU.Build.0 = Release|Any CPU
		{5D1C3EC6-AE70-475F-A693-3CB8C037320A}.Debug|Any CPU.ActiveCfg = Debug|Any CPU
		{5D1C3EC6-AE70-475F-A693-3CB8C037320A}.Debug|Any CPU.Build.0 = Debug|Any CPU
		{5D1C3EC6-AE70-475F-A693-3CB8C037320A}.Release|Any CPU.ActiveCfg = Release|Any CPU
		{5D1C3EC6-AE70-475F-A693-3CB8C037320A}.Release|Any CPU.Build.0 = Release|Any CPU
		{30800BFB-E712-4103-B8CB-9C0CE9844A82}.Debug|Any CPU.ActiveCfg = Debug|Any CPU
		{30800BFB-E712-4103-B8CB-9C0CE9844A82}.Debug|Any CPU.Build.0 = Debug|Any CPU
		{30800BFB-E712-4103-B8CB-9C0CE9844A82}.Release|Any CPU.ActiveCfg = Release|Any CPU
		{30800BFB-E712-4103-B8CB-9C0CE9844A82}.Release|Any CPU.Build.0 = Release|Any CPU
	EndGlobalSection
	GlobalSection(SolutionProperties) = preSolution
		HideSolutionNode = FALSE
	EndGlobalSection
	GlobalSection(ExtensibilityGlobals) = postSolution
		SolutionGuid = {573CD9ED-E290-4497-96D0-9120F057787C}
	EndGlobalSection
EndGlobal
